{
  "requires": true,
  "lockfileVersion": 1,
  "dependencies": {
    "angular2-datatable": {
      "version": "0.6.0",
      "resolved": "https://registry.npmjs.org/angular2-datatable/-/angular2-datatable-0.6.0.tgz",
      "integrity": "sha1-ygCPdAh/DLh9pXCe0vLR0GF3JjI=",
      "requires": {
        "lodash": "4.17.10"
      }
    },
    "lodash": {
      "version": "4.17.10",
      "resolved": "https://registry.npmjs.org/lodash/-/lodash-4.17.10.tgz",
      "integrity": "sha512-UejweD1pDoXu+AD825lWwp4ZGtSwgnpZxb3JDViD7StjQz+Nb/6l093lx4OQ0foGWNRoc19mWy7BzL+UAK2iVg=="
    }
  }
}
